<?xml version="1.0" encoding="utf-8"?>
<Project ToolsVersion="4.0" xmlns="http://schemas.microsoft.com/developer/msbuild/2003">
  <ItemGroup>
    <Filter Include="Windows">
      <UniqueIdentifier>{35ed6a03-5dfe-4232-83f2-fdc3b0a60e3b}</UniqueIdentifier>
    </Filter>
    <Filter Include="Source">
      <UniqueIdentifier>{979c0109-8357-4852-b535-29e01dc23a1e}</UniqueIdentifier>
    </Filter>
    <Filter Include="Source\00. Content">
      <UniqueIdentifier>{696114eb-0954-476b-85b0-ef47c3412d7f}</UniqueIdentifier>
    </Filter>
    <Filter Include="Windows\diff">
      <UniqueIdentifier>{a3755df9-006f-44d9-9b02-2f1ca79c02bc}</UniqueIdentifier>
    </Filter>
    <Filter Include="Source\Helper">
      <UniqueIdentifier>{62501ae3-1002-480d-bc13-d492a198f2ec}</UniqueIdentifier>
    </Filter>
    <Filter Include="Source\Helper\Builder">
      <UniqueIdentifier>{459c7f76-89f1-41a4-a31e-c85b091c460f}</UniqueIdentifier>
    </Filter>
    <Filter Include="Source\Helper\ResourceManager">
      <UniqueIdentifier>{b5760e71-803f-4f22-9af7-d44435ab071e}</UniqueIdentifier>
    </Filter>
    <Filter Include="Source\Helper\UI">
      <UniqueIdentifier>{f941533d-3a3d-44f6-830e-e9959d0a18dc}</UniqueIdentifier>
    </Filter>
    <Filter Include="Source\01. ScriptComponent">
      <UniqueIdentifier>{de857324-cd4d-4a4d-80a7-707699222472}</UniqueIdentifier>
    </Filter>
    <Filter Include="Source\01. ScriptComponent\Enum">
      <UniqueIdentifier>{c34d8bbf-e30d-458e-8f53-43db7792fa6e}</UniqueIdentifier>
    </Filter>
    <Filter Include="Source\01. ScriptComponent\Movement">
      <UniqueIdentifier>{d9d4e410-c75a-4f94-b17b-90014d16b5bc}</UniqueIdentifier>
    </Filter>
    <Filter Include="Source\01. ScriptComponent\Movement\Bullet">
      <UniqueIdentifier>{58311b9c-d575-4f29-af48-66c9f6f89ad7}</UniqueIdentifier>
    </Filter>
    <Filter Include="Source\01. ScriptComponent\Movement\Cursur">
      <UniqueIdentifier>{f0c38e71-c5ab-4474-874a-981d4a959921}</UniqueIdentifier>
    </Filter>
    <Filter Include="Source\01. ScriptComponent\Movement\Camera">
      <UniqueIdentifier>{f33adfa7-ae53-4c27-b2dc-1f5fa529591d}</UniqueIdentifier>
    </Filter>
    <Filter Include="Source\01. ScriptComponent\Movement\Player">
      <UniqueIdentifier>{4a8600b9-3ddd-42b4-826d-d1d3defbd9bd}</UniqueIdentifier>
    </Filter>
    <Filter Include="Source\01. ScriptComponent\Test">
      <UniqueIdentifier>{71fc1149-d8c0-4313-a60e-2304d41cfd1c}</UniqueIdentifier>
    </Filter>
    <Filter Include="Source\01. ScriptComponent\Scene">
      <UniqueIdentifier>{cc7e087a-78df-4419-bf59-204d1219fdb7}</UniqueIdentifier>
    </Filter>
    <Filter Include="Source\01. ScriptComponent\Controller">
      <UniqueIdentifier>{cf4bab5e-0fe1-4d3f-afb9-7f1f0515b5a9}</UniqueIdentifier>
    </Filter>
    <Filter Include="Source\FSM">
      <UniqueIdentifier>{3b3dedf0-265a-41e4-8441-2f709e68542b}</UniqueIdentifier>
    </Filter>
    <Filter Include="Source\FSM\Player">
      <UniqueIdentifier>{93ff9403-9d95-4578-8af6-73b327337cbf}</UniqueIdentifier>
    </Filter>
    <Filter Include="Source\Scene">
      <UniqueIdentifier>{dc9dacee-4c8c-4f52-a1b7-a2548ff7810f}</UniqueIdentifier>
    </Filter>
    <Filter Include="Source\Scene\CollideTest">
      <UniqueIdentifier>{429f4d90-ac74-41bc-989e-ed00f2f0aa4a}</UniqueIdentifier>
    </Filter>
    <Filter Include="Source\Scene\TitleScene">
      <UniqueIdentifier>{96946f4c-9e4a-43d1-9bde-9ef81cae4896}</UniqueIdentifier>
    </Filter>
    <Filter Include="Source\Scene\Chianatown01">
      <UniqueIdentifier>{da98e5d6-9aba-4417-8f28-dcfa99b62c7b}</UniqueIdentifier>
    </Filter>
    <Filter Include="Source\Scene\Chinatown04">
      <UniqueIdentifier>{e8cd688f-3ebd-4352-a0f3-3a059f04198c}</UniqueIdentifier>
    </Filter>
    <Filter Include="Source\Scene\Chinatown05">
      <UniqueIdentifier>{20332b64-296c-4050-bb16-34cb7cddc831}</UniqueIdentifier>
    </Filter>
    <Filter Include="Source\Scene\HeadHunter">
      <UniqueIdentifier>{5bb296e2-92d1-45c0-b3c4-2d5be6c8f361}</UniqueIdentifier>
    </Filter>
    <Filter Include="Source\FSM\FSM">
      <UniqueIdentifier>{dcc40d4d-ab21-4cf7-a907-f3d7474a44c5}</UniqueIdentifier>
    </Filter>
    <Filter Include="Source\FSM\Player\State">
      <UniqueIdentifier>{d8c2f1bf-d77c-44ae-808e-2d4c7d2eeb6f}</UniqueIdentifier>
    </Filter>
    <Filter Include="Source\FSM\Player\FSM">
      <UniqueIdentifier>{4796df72-b367-4664-b396-22777fb27ae0}</UniqueIdentifier>
    </Filter>
    <Filter Include="Source\FSM\FSM\FSM">
      <UniqueIdentifier>{81adf7ee-b7b9-4911-ac4f-2bae707e204e}</UniqueIdentifier>
    </Filter>
    <Filter Include="Source\FSM\FSM\State">
      <UniqueIdentifier>{206682db-1b1a-4a7d-b997-d2530a1890d3}</UniqueIdentifier>
    </Filter>
    <Filter Include="Source\01. ScriptComponent\Painter">
      <UniqueIdentifier>{a2c84493-1cd2-4ce6-9a07-185f34f86f27}</UniqueIdentifier>
    </Filter>
    <Filter Include="Source\ShaderCode">
      <UniqueIdentifier>{2c32228f-6400-4c12-ba3a-80bcc9e68287}</UniqueIdentifier>
    </Filter>
    <Filter Include="Source\ShaderCode\Header">
      <UniqueIdentifier>{abd7499d-ca04-4dfd-b4d0-94b1bb510403}</UniqueIdentifier>
    </Filter>
    <Filter Include="Source\ShaderCode\Debug">
      <UniqueIdentifier>{e40c434b-8c6d-410e-abaa-cb5f10dd81d0}</UniqueIdentifier>
    </Filter>
    <Filter Include="Source\ShaderCode\Debug\Fill">
      <UniqueIdentifier>{56924750-d941-47f0-9ad0-d5751dc777bd}</UniqueIdentifier>
    </Filter>
    <Filter Include="Source\ShaderCode\Debug\Line">
      <UniqueIdentifier>{42f24343-9c0a-4f7f-b0df-4c6daf0472e0}</UniqueIdentifier>
    </Filter>
    <Filter Include="Source\ShaderCode\Debug\Grid">
      <UniqueIdentifier>{86fb1d1f-6799-44f0-9fbe-64c00bcfe0dc}</UniqueIdentifier>
    </Filter>
    <Filter Include="Source\ShaderCode\Sprite2D">
      <UniqueIdentifier>{c87d12e4-e329-4c8d-b9d2-4a66d513ed5b}</UniqueIdentifier>
    </Filter>
    <Filter Include="Source\ShaderCode\Animation2D">
      <UniqueIdentifier>{0aa6e45d-3d83-43a5-8f60-4cbc676cca7f}</UniqueIdentifier>
    </Filter>
    <Filter Include="Source\Resources">
      <UniqueIdentifier>{df7c758c-f2a8-43fd-9b81-4685458a5dcf}</UniqueIdentifier>
    </Filter>
  </ItemGroup>
  <ItemGroup>
    <ClInclude Include="pch.h">
      <Filter>Windows</Filter>
    </ClInclude>
    <ClInclude Include="framework.h">
      <Filter>Windows</Filter>
    </ClInclude>
    <ClInclude Include="Content.h">
      <Filter>Source\00. Content</Filter>
    </ClInclude>
    <ClInclude Include="EnumResourceTypeAnimation.h">
      <Filter>Source\Resources</Filter>
    </ClInclude>
    <ClInclude Include="EnumResourceTypeFont.h">
      <Filter>Source\Resources</Filter>
    </ClInclude>
    <ClInclude Include="EnumResourceTypeMaterial.h">
      <Filter>Source\Resources</Filter>
    </ClInclude>
    <ClInclude Include="EnumResourceTypeMesh.h">
      <Filter>Source\Resources</Filter>
    </ClInclude>
    <ClInclude Include="EnumResourceTypeShader.h">
      <Filter>Source\Resources</Filter>
    </ClInclude>
    <ClInclude Include="EnumResourceTypeSound.h">
      <Filter>Source\Resources</Filter>
    </ClInclude>
    <ClInclude Include="EnumResourceTypeTexture.h">
      <Filter>Source\Resources</Filter>
    </ClInclude>
    <ClInclude Include="EnumResourceTypeScene.h">
      <Filter>Source\Resources</Filter>
    </ClInclude>
    <ClInclude Include="GameObjectBuilder.h">
      <Filter>Source\Helper\Builder</Filter>
    </ClInclude>
    <ClInclude Include="MaterialBuilder.h">
      <Filter>Source\Helper\Builder</Filter>
    </ClInclude>
    <ClInclude Include="ResourceManager.h">
      <Filter>Source\Helper\ResourceManager</Filter>
    </ClInclude>
    <ClInclude Include="EnumScriptComponent.h">
      <Filter>Source\01. ScriptComponent\Enum</Filter>
    </ClInclude>
    <ClInclude Include="PlayerMovementTest.h">
      <Filter>Source\01. ScriptComponent\Movement\Player</Filter>
    </ClInclude>
    <ClInclude Include="Bugiman.h">
      <Filter>Source\Helper\UI</Filter>
    </ClInclude>
    <ClInclude Include="ShiftController.h">
      <Filter>Source\Helper\UI</Filter>
    </ClInclude>
    <ClInclude Include="TestScript.h">
      <Filter>Source\Helper\UI</Filter>
    </ClInclude>
    <ClInclude Include="UIEffect.h">
      <Filter>Source\Helper\UI</Filter>
    </ClInclude>
    <ClInclude Include="Collide2DTestScene.h">
      <Filter>Source\Scene\CollideTest</Filter>
    </ClInclude>
    <ClInclude Include="BulletMovement.h">
      <Filter>Source\01. ScriptComponent\Movement\Bullet</Filter>
    </ClInclude>
    <ClInclude Include="CursorMovement.h">
      <Filter>Source\01. ScriptComponent\Movement\Cursur</Filter>
    </ClInclude>
    <ClInclude Include="CameraInputMoveMent.h">
      <Filter>Source\01. ScriptComponent\Movement\Camera</Filter>
    </ClInclude>
    <ClInclude Include="LerpTest.h">
      <Filter>Source\01. ScriptComponent\Test</Filter>
    </ClInclude>
    <ClInclude Include="InputMovementTest.h">
      <Filter>Source\01. ScriptComponent\Test</Filter>
    </ClInclude>
    <ClInclude Include="ChildTest.h">
      <Filter>Source\01. ScriptComponent\Test</Filter>
    </ClInclude>
    <ClInclude Include="ParentTest.h">
      <Filter>Source\01. ScriptComponent\Test</Filter>
    </ClInclude>
    <ClInclude Include="TItleScene.h">
      <Filter>Source\Scene\TitleScene</Filter>
    </ClInclude>
    <ClInclude Include="Chinatown01Scene.h">
      <Filter>Source\Scene\Chianatown01</Filter>
    </ClInclude>
    <ClInclude Include="NoiseTest.h">
      <Filter>Source\01. ScriptComponent\Test</Filter>
    </ClInclude>
    <ClInclude Include="Chinatown04Scene.h">
      <Filter>Source\Scene\Chinatown04</Filter>
    </ClInclude>
    <ClInclude Include="Chinatown04Controller.h">
      <Filter>Source\01. ScriptComponent\Scene</Filter>
    </ClInclude>
    <ClInclude Include="Chinatown05Scene.h">
      <Filter>Source\Scene\Chinatown05</Filter>
    </ClInclude>
    <ClInclude Include="HeadHunterScene.h">
      <Filter>Source\Scene\HeadHunter</Filter>
    </ClInclude>
    <ClInclude Include="PickPixelTest.h">
      <Filter>Source\01. ScriptComponent\Test</Filter>
    </ClInclude>
    <ClInclude Include="PlayerController.h">
      <Filter>Source\01. ScriptComponent\Controller</Filter>
    </ClInclude>
    <ClInclude Include="PlayerIdleState.h">
      <Filter>Source\FSM\Player\State</Filter>
    </ClInclude>
    <ClInclude Include="PlayerRunState.h">
      <Filter>Source\FSM\Player\State</Filter>
    </ClInclude>
    <ClInclude Include="PlayerState.h">
      <Filter>Source\FSM\Player\State</Filter>
    </ClInclude>
    <ClInclude Include="PlayerFSM.h">
      <Filter>Source\FSM\Player\FSM</Filter>
    </ClInclude>
    <ClInclude Include="FiniteStateMachine.h">
      <Filter>Source\FSM\FSM\FSM</Filter>
    </ClInclude>
    <ClInclude Include="FSMState.h">
      <Filter>Source\FSM\FSM\State</Filter>
    </ClInclude>
    <ClInclude Include="PlayerAttackState.h">
      <Filter>Source\FSM\Player\State</Filter>
    </ClInclude>
    <ClInclude Include="PlayerRollState.h">
      <Filter>Source\FSM\Player\State</Filter>
    </ClInclude>
    <ClInclude Include="PlayerCrouchState.h">
      <Filter>Source\FSM\Player\State</Filter>
    </ClInclude>
    <ClInclude Include="PlayerJumpState.h">
      <Filter>Source\FSM\Player\State</Filter>
    </ClInclude>
    <ClInclude Include="PlayerFallState.h">
      <Filter>Source\FSM\Player\State</Filter>
    </ClInclude>
    <ClInclude Include="GridPainter.h">
      <Filter>Source\01. ScriptComponent\Painter</Filter>
    </ClInclude>
    <ClInclude Include="PlayerDoorBreakFullState.h">
      <Filter>Source\FSM\Player\State</Filter>
    </ClInclude>
    <ClInclude Include="PlayerDoorState.h">
      <Filter>Source\FSM\Player\State</Filter>
    </ClInclude>
    <ClInclude Include="PlayerFlipState.h">
      <Filter>Source\FSM\Player\State</Filter>
    </ClInclude>
    <ClInclude Include="PlayerWallSlideState.h">
      <Filter>Source\FSM\Player\State</Filter>
    </ClInclude>
  </ItemGroup>
  <ItemGroup>
    <ClCompile Include="pch.cpp">
      <Filter>Windows</Filter>
    </ClCompile>
    <ClCompile Include="Content.cpp">
      <Filter>Source\00. Content</Filter>
    </ClCompile>
    <ClCompile Include="EnumResourceTypeAnimation.cpp">
      <Filter>Source\Resources</Filter>
    </ClCompile>
    <ClCompile Include="EnumResourceTypeFont.cpp">
      <Filter>Source\Resources</Filter>
    </ClCompile>
    <ClCompile Include="EnumResourceTypeMaterial.cpp">
      <Filter>Source\Resources</Filter>
    </ClCompile>
    <ClCompile Include="EnumResourceTypeMesh.cpp">
      <Filter>Source\Resources</Filter>
    </ClCompile>
    <ClCompile Include="EnumResourceTypeShader.cpp">
      <Filter>Source\Resources</Filter>
    </ClCompile>
    <ClCompile Include="EnumResourceTypeSound.cpp">
      <Filter>Source\Resources</Filter>
    </ClCompile>
    <ClCompile Include="EnumResourceTypeTexture.cpp">
      <Filter>Source\Resources</Filter>
    </ClCompile>
    <ClCompile Include="EnumResourceTypeScene.cpp">
      <Filter>Source\Resources</Filter>
    </ClCompile>
    <ClCompile Include="GameObjectBuilder.cpp">
      <Filter>Source\Helper\Builder</Filter>
    </ClCompile>
    <ClCompile Include="MaterialBuilder.cpp">
      <Filter>Source\Helper\Builder</Filter>
    </ClCompile>
    <ClCompile Include="EnumScriptComponent.cpp">
      <Filter>Source\01. ScriptComponent\Enum</Filter>
    </ClCompile>
    <ClCompile Include="PlayerMovementTest.cpp">
      <Filter>Source\01. ScriptComponent\Movement\Player</Filter>
    </ClCompile>
    <ClCompile Include="Bugiman.cpp">
      <Filter>Source\Helper\UI</Filter>
    </ClCompile>
    <ClCompile Include="ShiftController.cpp">
      <Filter>Source\Helper\UI</Filter>
    </ClCompile>
    <ClCompile Include="TestScript.cpp">
      <Filter>Source\Helper\UI</Filter>
    </ClCompile>
    <ClCompile Include="UIEffect.cpp">
      <Filter>Source\Helper\UI</Filter>
    </ClCompile>
    <ClCompile Include="Collide2DTestScene.cpp">
      <Filter>Source\Scene\CollideTest</Filter>
    </ClCompile>
    <ClCompile Include="BulletMovement.cpp">
      <Filter>Source\01. ScriptComponent\Movement\Bullet</Filter>
    </ClCompile>
    <ClCompile Include="CursorMovement.cpp">
      <Filter>Source\01. ScriptComponent\Movement\Cursur</Filter>
    </ClCompile>
    <ClCompile Include="CameraInputMoveMent.cpp">
      <Filter>Source\01. ScriptComponent\Movement\Camera</Filter>
    </ClCompile>
    <ClCompile Include="LerpTest.cpp">
      <Filter>Source\01. ScriptComponent\Test</Filter>
    </ClCompile>
    <ClCompile Include="InputMovementTest.cpp">
      <Filter>Source\01. ScriptComponent\Test</Filter>
    </ClCompile>
    <ClCompile Include="ChildTest.cpp">
      <Filter>Source\01. ScriptComponent\Test</Filter>
    </ClCompile>
    <ClCompile Include="ParentTest.cpp">
      <Filter>Source\01. ScriptComponent\Test</Filter>
    </ClCompile>
    <ClCompile Include="TItleScene.cpp">
      <Filter>Source\Scene\TitleScene</Filter>
    </ClCompile>
    <ClCompile Include="Chinatown01Scene.cpp">
      <Filter>Source\Scene\Chianatown01</Filter>
    </ClCompile>
    <ClCompile Include="NoiseTest.cpp">
      <Filter>Source\01. ScriptComponent\Test</Filter>
    </ClCompile>
    <ClCompile Include="Chinatown04Scene.cpp">
      <Filter>Source\Scene\Chinatown04</Filter>
    </ClCompile>
    <ClCompile Include="Chinatown04Controller.cpp">
      <Filter>Source\01. ScriptComponent\Scene</Filter>
    </ClCompile>
    <ClCompile Include="Chinatown05Scene.cpp">
      <Filter>Source\Scene\Chinatown05</Filter>
    </ClCompile>
    <ClCompile Include="HeadHunterScene.cpp">
      <Filter>Source\Scene\HeadHunter</Filter>
    </ClCompile>
    <ClCompile Include="PickPixelTest.cpp">
      <Filter>Source\01. ScriptComponent\Test</Filter>
    </ClCompile>
    <ClCompile Include="PlayerController.cpp">
      <Filter>Source\01. ScriptComponent\Controller</Filter>
    </ClCompile>
    <ClCompile Include="PlayerIdleState.cpp">
      <Filter>Source\FSM\Player\State</Filter>
    </ClCompile>
    <ClCompile Include="PlayerRunState.cpp">
      <Filter>Source\FSM\Player\State</Filter>
    </ClCompile>
    <ClCompile Include="PlayerState.cpp">
      <Filter>Source\FSM\Player\State</Filter>
    </ClCompile>
    <ClCompile Include="PlayerFSM.cpp">
      <Filter>Source\FSM\Player\FSM</Filter>
    </ClCompile>
    <ClCompile Include="FiniteStateMachine.cpp">
      <Filter>Source\FSM\FSM\FSM</Filter>
    </ClCompile>
    <ClCompile Include="FSMState.cpp">
      <Filter>Source\FSM\FSM\State</Filter>
    </ClCompile>
    <ClCompile Include="PlayerAttackState.cpp">
      <Filter>Source\FSM\Player\State</Filter>
    </ClCompile>
    <ClCompile Include="PlayerRollState.cpp">
      <Filter>Source\FSM\Player\State</Filter>
    </ClCompile>
    <ClCompile Include="PlayerCrouchState.cpp">
      <Filter>Source\FSM\Player\State</Filter>
    </ClCompile>
    <ClCompile Include="PlayerFallState.cpp">
      <Filter>Source\FSM\Player\State</Filter>
    </ClCompile>
    <ClCompile Include="PlayerJumpState.cpp">
      <Filter>Source\FSM\Player\State</Filter>
    </ClCompile>
    <ClCompile Include="GridPainter.cpp">
      <Filter>Source\01. ScriptComponent\Painter</Filter>
    </ClCompile>
    <ClCompile Include="PlayerDoorBreakFullState.cpp">
      <Filter>Source\FSM\Player\State</Filter>
    </ClCompile>
    <ClCompile Include="PlayerDoorState.cpp">
      <Filter>Source\FSM\Player\State</Filter>
    </ClCompile>
    <ClCompile Include="PlayerFlipState.cpp">
      <Filter>Source\FSM\Player\State</Filter>
    </ClCompile>
    <ClCompile Include="PlayerWallSlideState.cpp">
      <Filter>Source\FSM\Player\State</Filter>
    </ClCompile>
  </ItemGroup>
  <ItemGroup>
    <None Include="..\..\Output\bin\Resources\Shader\Header\TestShaderHeader.fxh">
      <Filter>Source\ShaderCode\Header</Filter>
    </None>
    <None Include="..\..\Output\bin\Resources\Shader\Header\Struct.fxh">
      <Filter>Source\ShaderCode\Header</Filter>
    </None>
    <None Include="..\..\Output\bin\Resources\Shader\Header\ConstantBuffer.fxh">
      <Filter>Source\ShaderCode\Header</Filter>
    </None>
    <None Include="..\..\Output\bin\Resources\Shader\Header\Sampler.fxh">
      <Filter>Source\ShaderCode\Header</Filter>
    </None>
    <None Include="..\..\Output\bin\Resources\Shader\Header\Texture.fxh">
      <Filter>Source\ShaderCode\Header</Filter>
    </None>
    <None Include="..\..\Output\bin\Resources\Shader\PSSprite.hlsl">
      <Filter>Source\ShaderCode\Sprite2D</Filter>
    </None>
    <None Include="..\..\Output\bin\Resources\Shader\VSSprite.hlsl">
      <Filter>Source\ShaderCode\Sprite2D</Filter>
    </None>
    <None Include="Material_Res_dpend.diff">
      <Filter>Windows\diff</Filter>
    </None>
    <None Include="Mesh_Res_dpend.diff">
      <Filter>Windows\diff</Filter>
    </None>
    <None Include="Font_Res_dpend.diff">
      <Filter>Windows\diff</Filter>
    </None>
    <None Include="dpend.diff">
      <Filter>Windows\diff</Filter>
    </None>
    <None Include="Animation_Res_dpend.diff">
      <Filter>Windows\diff</Filter>
    </None>
    <None Include="Texture_Res_dpend.diff">
      <Filter>Windows\diff</Filter>
    </None>
    <None Include="Sound_Res_dpend.diff">
      <Filter>Windows\diff</Filter>
    </None>
    <None Include="Shader_Res_dpend.diff">
      <Filter>Windows\diff</Filter>
    </None>
    <None Include="Scene_Res_dpend.diff">
      <Filter>Windows\diff</Filter>
    </None>
    <None Include="..\..\Output\bin\Resources\Shader\PSFillDebug2D.hlsl">
      <Filter>Source\ShaderCode\Debug\Fill</Filter>
    </None>
    <None Include="..\..\Output\bin\Resources\Shader\VSLineDebug2D.hlsl">
      <Filter>Source\ShaderCode\Debug\Line</Filter>
    </None>
    <None Include="..\..\Output\bin\Resources\Shader\PSGrid2D.hlsl">
      <Filter>Source\ShaderCode\Debug\Grid</Filter>
    </None>
    <None Include="..\..\Output\bin\Resources\Shader\VSGrid2D.hlsl">
      <Filter>Source\ShaderCode\Debug\Grid</Filter>
    </None>
    <None Include="..\..\Output\bin\Resources\Shader\PSLineDebug2D.hlsl">
      <Filter>Source\ShaderCode\Debug\Line</Filter>
    </None>
    <None Include="..\..\Output\bin\Resources\Shader\VSFillDebug2D.hlsl">
      <Filter>Source\ShaderCode\Debug\Fill</Filter>
    </None>
    <None Include="..\..\Output\bin\Resources\Shader\PSAnimation2D.hlsl">
      <Filter>Source\ShaderCode\Animation2D</Filter>
    </None>
  </ItemGroup>
</Project>