<?xml version="1.0" encoding="utf-8"?>
<Project ToolsVersion="4.0" xmlns="http://schemas.microsoft.com/developer/msbuild/2003">
  <ItemGroup>
    <Filter Include="Windows">
      <UniqueIdentifier>{35ed6a03-5dfe-4232-83f2-fdc3b0a60e3b}</UniqueIdentifier>
    </Filter>
    <Filter Include="Source">
      <UniqueIdentifier>{979c0109-8357-4852-b535-29e01dc23a1e}</UniqueIdentifier>
    </Filter>
    <Filter Include="Source\00. Content">
      <UniqueIdentifier>{696114eb-0954-476b-85b0-ef47c3412d7f}</UniqueIdentifier>
    </Filter>
    <Filter Include="Resources">
      <UniqueIdentifier>{df7c758c-f2a8-43fd-9b81-4685458a5dcf}</UniqueIdentifier>
    </Filter>
    <Filter Include="ShaderCode">
      <UniqueIdentifier>{2c32228f-6400-4c12-ba3a-80bcc9e68287}</UniqueIdentifier>
    </Filter>
    <Filter Include="ShaderCode\Header">
      <UniqueIdentifier>{abd7499d-ca04-4dfd-b4d0-94b1bb510403}</UniqueIdentifier>
    </Filter>
    <Filter Include="Source\01. Script">
      <UniqueIdentifier>{de857324-cd4d-4a4d-80a7-707699222472}</UniqueIdentifier>
    </Filter>
    <Filter Include="Source\00. Content\Builder">
      <UniqueIdentifier>{459c7f76-89f1-41a4-a31e-c85b091c460f}</UniqueIdentifier>
    </Filter>
    <Filter Include="Source\00. Content\ResourceManager">
      <UniqueIdentifier>{b5760e71-803f-4f22-9af7-d44435ab071e}</UniqueIdentifier>
    </Filter>
    <Filter Include="Source\00. Content\Struct">
      <UniqueIdentifier>{07df51b7-2383-4921-8caa-5def729de20d}</UniqueIdentifier>
    </Filter>
    <Filter Include="Source\01. Script\Enum">
      <UniqueIdentifier>{c34d8bbf-e30d-458e-8f53-43db7792fa6e}</UniqueIdentifier>
    </Filter>
  </ItemGroup>
  <ItemGroup>
    <ClInclude Include="pch.h">
      <Filter>Windows</Filter>
    </ClInclude>
    <ClInclude Include="framework.h">
      <Filter>Windows</Filter>
    </ClInclude>
    <ClInclude Include="Content.h">
      <Filter>Source\00. Content</Filter>
    </ClInclude>
    <ClInclude Include="EnumResourceTypeAnimation.h">
      <Filter>Resources</Filter>
    </ClInclude>
    <ClInclude Include="EnumResourceTypeFont.h">
      <Filter>Resources</Filter>
    </ClInclude>
    <ClInclude Include="EnumResourceTypeMaterial.h">
      <Filter>Resources</Filter>
    </ClInclude>
    <ClInclude Include="EnumResourceTypeMesh.h">
      <Filter>Resources</Filter>
    </ClInclude>
    <ClInclude Include="EnumResourceTypeShader.h">
      <Filter>Resources</Filter>
    </ClInclude>
    <ClInclude Include="EnumResourceTypeSound.h">
      <Filter>Resources</Filter>
    </ClInclude>
    <ClInclude Include="EnumResourceTypeTexture.h">
      <Filter>Resources</Filter>
    </ClInclude>
    <ClInclude Include="EnumResourceTypeScene.h">
      <Filter>Resources</Filter>
    </ClInclude>
    <ClInclude Include="StructVertex.h">
      <Filter>Source\00. Content\Struct</Filter>
    </ClInclude>
    <ClInclude Include="GameObjectBuilder.h">
      <Filter>Source\00. Content\Builder</Filter>
    </ClInclude>
    <ClInclude Include="MaterialBuilder.h">
      <Filter>Source\00. Content\Builder</Filter>
    </ClInclude>
    <ClInclude Include="ResourceManager.h">
      <Filter>Source\00. Content\ResourceManager</Filter>
    </ClInclude>
    <ClInclude Include="Bugiman.h">
      <Filter>Source\01. Script</Filter>
    </ClInclude>
    <ClInclude Include="CameraInputMoveMent.h">
      <Filter>Source\01. Script</Filter>
    </ClInclude>
    <ClInclude Include="CursorMovement.h">
      <Filter>Source\01. Script</Filter>
    </ClInclude>
    <ClInclude Include="UIEffect.h">
      <Filter>Source\01. Script</Filter>
    </ClInclude>
    <ClInclude Include="ShiftController.h">
      <Filter>Source\01. Script</Filter>
    </ClInclude>
    <ClInclude Include="EnumScriptComponent.h">
      <Filter>Source\01. Script\Enum</Filter>
    </ClInclude>
    <ClInclude Include="TestScript.h">
      <Filter>Source</Filter>
    </ClInclude>
  </ItemGroup>
  <ItemGroup>
    <ClCompile Include="pch.cpp">
      <Filter>Windows</Filter>
    </ClCompile>
    <ClCompile Include="Content.cpp">
      <Filter>Source\00. Content</Filter>
    </ClCompile>
    <ClCompile Include="EnumResourceTypeAnimation.cpp">
      <Filter>Resources</Filter>
    </ClCompile>
    <ClCompile Include="EnumResourceTypeFont.cpp">
      <Filter>Resources</Filter>
    </ClCompile>
    <ClCompile Include="EnumResourceTypeMaterial.cpp">
      <Filter>Resources</Filter>
    </ClCompile>
    <ClCompile Include="EnumResourceTypeMesh.cpp">
      <Filter>Resources</Filter>
    </ClCompile>
    <ClCompile Include="EnumResourceTypeShader.cpp">
      <Filter>Resources</Filter>
    </ClCompile>
    <ClCompile Include="EnumResourceTypeSound.cpp">
      <Filter>Resources</Filter>
    </ClCompile>
    <ClCompile Include="EnumResourceTypeTexture.cpp">
      <Filter>Resources</Filter>
    </ClCompile>
    <ClCompile Include="EnumResourceTypeScene.cpp">
      <Filter>Resources</Filter>
    </ClCompile>
    <ClCompile Include="StructVertex.cpp">
      <Filter>Source\00. Content\Struct</Filter>
    </ClCompile>
    <ClCompile Include="GameObjectBuilder.cpp">
      <Filter>Source\00. Content\Builder</Filter>
    </ClCompile>
    <ClCompile Include="MaterialBuilder.cpp">
      <Filter>Source\00. Content\Builder</Filter>
    </ClCompile>
    <ClCompile Include="Bugiman.cpp">
      <Filter>Source\01. Script</Filter>
    </ClCompile>
    <ClCompile Include="CameraInputMoveMent.cpp">
      <Filter>Source\01. Script</Filter>
    </ClCompile>
    <ClCompile Include="CursorMovement.cpp">
      <Filter>Source\01. Script</Filter>
    </ClCompile>
    <ClCompile Include="UIEffect.cpp">
      <Filter>Source\01. Script</Filter>
    </ClCompile>
    <ClCompile Include="ShiftController.cpp">
      <Filter>Source\01. Script</Filter>
    </ClCompile>
    <ClCompile Include="EnumScriptComponent.cpp">
      <Filter>Source\01. Script\Enum</Filter>
    </ClCompile>
    <ClCompile Include="TestScript.cpp">
      <Filter>Source</Filter>
    </ClCompile>
  </ItemGroup>
  <ItemGroup>
    <None Include="..\..\Output\bin\Resources\Shader\Header\TestShaderHeader.fxh">
      <Filter>ShaderCode\Header</Filter>
    </None>
    <None Include="..\..\Output\bin\Resources\Shader\Header\Struct.fxh">
      <Filter>ShaderCode\Header</Filter>
    </None>
    <None Include="..\..\Output\bin\Resources\Shader\Header\ConstantBuffer.fxh">
      <Filter>ShaderCode\Header</Filter>
    </None>
    <None Include="..\..\Output\bin\Resources\Shader\Header\Sampler.fxh">
      <Filter>ShaderCode\Header</Filter>
    </None>
    <None Include="..\..\Output\bin\Resources\Shader\Header\Texture.fxh">
      <Filter>ShaderCode\Header</Filter>
    </None>
    <None Include="..\..\Output\bin\Resources\Shader\VertexShader.hlsl">
      <Filter>ShaderCode</Filter>
    </None>
    <None Include="..\..\Output\bin\Resources\Shader\PixelShader.hlsl">
      <Filter>ShaderCode</Filter>
    </None>
    <None Include="dpend.diff">
      <Filter>Windows</Filter>
    </None>
    <None Include="..\..\Output\bin\Resources\Shader\PixelDebug.hlsl">
      <Filter>ShaderCode</Filter>
    </None>
  </ItemGroup>
</Project>